<?xml version="1.0" encoding="utf-8"?>
<Project ToolsVersion="16.0" xmlns="http://schemas.microsoft.com/developer/msbuild/2003">
  <ItemGroup>
    <CustomBuild Include="C:\proga\OS\OSLab2\CMakeFiles\79a68026881d499f497d05ad46623bb9\generate.stamp.rule">
      <Filter>CMake Rules</Filter>
    </CustomBuild>
  </ItemGroup>
  <ItemGroup>
    <Filter Include="CMake Rules">
      <UniqueIdentifier>{8E666B6C-E778-35BF-A502-72A6CE869FC5}</UniqueIdentifier>
    </Filter>
  </ItemGroup>
</Project>
