<?xml version="1.0" encoding="utf-8"?>
<Project ToolsVersion="16.0" xmlns="http://schemas.microsoft.com/developer/msbuild/2003">
  <ItemGroup>
    <ClCompile Include="C:\proga\OS\OSLab2\OSLab2\OSLab2.cpp">
      <Filter>Source Files</Filter>
    </ClCompile>
  </ItemGroup>
  <ItemGroup>
    <ClInclude Include="C:\proga\OS\OSLab2\OSLab2\OSLab2.h">
      <Filter>Header Files</Filter>
    </ClInclude>
  </ItemGroup>
  <ItemGroup>
    <CustomBuild Include="C:\proga\OS\OSLab2\OSLab2\CMakeLists.txt" />
  </ItemGroup>
  <ItemGroup>
    <Filter Include="Header Files">
      <UniqueIdentifier>{784BAC18-A47B-38B2-855B-787B4E13C7C0}</UniqueIdentifier>
    </Filter>
    <Filter Include="Source Files">
      <UniqueIdentifier>{900BB629-8F02-3E53-9A74-7E84B5D630BD}</UniqueIdentifier>
    </Filter>
  </ItemGroup>
</Project>
